// !$*UTF8*$!
{
	archiveVersion = 1;
	classes = {
	};
	objectVersion = 56;
	objects = {

/* Begin PBXBuildFile section */
		3851A3722A1ABE9F00A6A1A1 /* FitHub Watch App.app in Embed Watch Content */ = {isa = PBXBuildFile; fileRef = 3851A3712A1ABE9F00A6A1A1 /* FitHub Watch App.app */; settings = {ATTRIBUTES = (RemoveHeadersOnCopy, ); }; };
		3851A3772A1ABE9F00A6A1A1 /* FitHubApp.swift in Sources */ = {isa = PBXBuildFile; fileRef = 3851A3762A1ABE9F00A6A1A1 /* FitHubApp.swift */; };
		3851A3792A1ABE9F00A6A1A1 /* ContentView.swift in Sources */ = {isa = PBXBuildFile; fileRef = 3851A3782A1ABE9F00A6A1A1 /* ContentView.swift */; };
		3851A37B2A1ABE9F00A6A1A1 /* Assets.xcassets in Resources */ = {isa = PBXBuildFile; fileRef = 3851A37A2A1ABE9F00A6A1A1 /* Assets.xcassets */; };
		3851A37E2A1ABE9F00A6A1A1 /* Preview Assets.xcassets in Resources */ = {isa = PBXBuildFile; fileRef = 3851A37D2A1ABE9F00A6A1A1 /* Preview Assets.xcassets */; };
		3851A38A2A1ABFAD00A6A1A1 /* SessionPagingView.swift in Sources */ = {isa = PBXBuildFile; fileRef = 3851A3892A1ABFAD00A6A1A1 /* SessionPagingView.swift */; };
		3851A38C2A1ABFC400A6A1A1 /* MetricsView.swift in Sources */ = {isa = PBXBuildFile; fileRef = 3851A38B2A1ABFC400A6A1A1 /* MetricsView.swift */; };
		3851A38E2A1ABFDA00A6A1A1 /* ElapsedTimeView.swift in Sources */ = {isa = PBXBuildFile; fileRef = 3851A38D2A1ABFDA00A6A1A1 /* ElapsedTimeView.swift */; };
		3851A3902A1ABFEE00A6A1A1 /* ControlsView.swift in Sources */ = {isa = PBXBuildFile; fileRef = 3851A38F2A1ABFEE00A6A1A1 /* ControlsView.swift */; };
		3851A3922A1ABFFF00A6A1A1 /* SummaryView.swift in Sources */ = {isa = PBXBuildFile; fileRef = 3851A3912A1ABFFF00A6A1A1 /* SummaryView.swift */; };
		3851A3942A1AC01400A6A1A1 /* ActivityRingsView.swift in Sources */ = {isa = PBXBuildFile; fileRef = 3851A3932A1AC01400A6A1A1 /* ActivityRingsView.swift */; };
		3851A3962A1AC03100A6A1A1 /* HealthKitManager.swift in Sources */ = {isa = PBXBuildFile; fileRef = 3851A3952A1AC03100A6A1A1 /* HealthKitManager.swift */; };
		38670F882A1B4DFC0018B8F0 /* WorkoutListScreen.swift in Sources */ = {isa = PBXBuildFile; fileRef = 38670F872A1B4DFC0018B8F0 /* WorkoutListScreen.swift */; };
		38670F8D2A1B51D80018B8F0 /* ActivityRings.swift in Sources */ = {isa = PBXBuildFile; fileRef = 38670F8C2A1B51D80018B8F0 /* ActivityRings.swift */; };
		38670F922A1B52BB0018B8F0 /* HeartBeatScreen.swift in Sources */ = {isa = PBXBuildFile; fileRef = 38670F912A1B52BB0018B8F0 /* HeartBeatScreen.swift */; };
		38670F972A1B531B0018B8F0 /* BreathScreen.swift in Sources */ = {isa = PBXBuildFile; fileRef = 38670F962A1B531B0018B8F0 /* BreathScreen.swift */; };
		38CC5EF42A1CD10300086BE0 /* HeartIcon.swift in Sources */ = {isa = PBXBuildFile; fileRef = 38CC5EF32A1CD10300086BE0 /* HeartIcon.swift */; };
		38CC5EF62A1CD50000086BE0 /* HeartAnimationView.swift in Sources */ = {isa = PBXBuildFile; fileRef = 38CC5EF52A1CD50000086BE0 /* HeartAnimationView.swift */; };
		38CC5EF82A1CD60200086BE0 /* HeartBeatText.swift in Sources */ = {isa = PBXBuildFile; fileRef = 38CC5EF72A1CD60200086BE0 /* HeartBeatText.swift */; };
		38CC5EFC2A1E16B500086BE0 /* StepScreen.swift in Sources */ = {isa = PBXBuildFile; fileRef = 38CC5EFB2A1E16B500086BE0 /* StepScreen.swift */; };
/* End PBXBuildFile section */

/* Begin PBXContainerItemProxy section */
		3851A3732A1ABE9F00A6A1A1 /* PBXContainerItemProxy */ = {
			isa = PBXContainerItemProxy;
			containerPortal = 3851A3652A1ABE9F00A6A1A1 /* Project object */;
			proxyType = 1;
			remoteGlobalIDString = 3851A3702A1ABE9F00A6A1A1;
			remoteInfo = "FitHub Watch App";
		};
/* End PBXContainerItemProxy section */

/* Begin PBXCopyFilesBuildPhase section */
		3851A3842A1ABE9F00A6A1A1 /* Embed Watch Content */ = {
			isa = PBXCopyFilesBuildPhase;
			buildActionMask = 2147483647;
			dstPath = "$(CONTENTS_FOLDER_PATH)/Watch";
			dstSubfolderSpec = 16;
			files = (
				3851A3722A1ABE9F00A6A1A1 /* FitHub Watch App.app in Embed Watch Content */,
			);
			name = "Embed Watch Content";
			runOnlyForDeploymentPostprocessing = 0;
		};
/* End PBXCopyFilesBuildPhase section */

/* Begin PBXFileReference section */
		3851A36B2A1ABE9F00A6A1A1 /* FitHub.app */ = {isa = PBXFileReference; explicitFileType = wrapper.application; includeInIndex = 0; path = FitHub.app; sourceTree = BUILT_PRODUCTS_DIR; };
		3851A3712A1ABE9F00A6A1A1 /* FitHub Watch App.app */ = {isa = PBXFileReference; explicitFileType = wrapper.application; includeInIndex = 0; path = "FitHub Watch App.app"; sourceTree = BUILT_PRODUCTS_DIR; };
		3851A3762A1ABE9F00A6A1A1 /* FitHubApp.swift */ = {isa = PBXFileReference; lastKnownFileType = sourcecode.swift; path = FitHubApp.swift; sourceTree = "<group>"; };
		3851A3782A1ABE9F00A6A1A1 /* ContentView.swift */ = {isa = PBXFileReference; lastKnownFileType = sourcecode.swift; path = ContentView.swift; sourceTree = "<group>"; };
		3851A37A2A1ABE9F00A6A1A1 /* Assets.xcassets */ = {isa = PBXFileReference; lastKnownFileType = folder.assetcatalog; path = Assets.xcassets; sourceTree = "<group>"; };
		3851A37D2A1ABE9F00A6A1A1 /* Preview Assets.xcassets */ = {isa = PBXFileReference; lastKnownFileType = folder.assetcatalog; path = "Preview Assets.xcassets"; sourceTree = "<group>"; };
		3851A3882A1ABF1D00A6A1A1 /* FitHub-Watch-App-Info.plist */ = {isa = PBXFileReference; lastKnownFileType = text.plist; path = "FitHub-Watch-App-Info.plist"; sourceTree = SOURCE_ROOT; };
		3851A3892A1ABFAD00A6A1A1 /* SessionPagingView.swift */ = {isa = PBXFileReference; lastKnownFileType = sourcecode.swift; path = SessionPagingView.swift; sourceTree = "<group>"; };
		3851A38B2A1ABFC400A6A1A1 /* MetricsView.swift */ = {isa = PBXFileReference; lastKnownFileType = sourcecode.swift; path = MetricsView.swift; sourceTree = "<group>"; };
		3851A38D2A1ABFDA00A6A1A1 /* ElapsedTimeView.swift */ = {isa = PBXFileReference; lastKnownFileType = sourcecode.swift; path = ElapsedTimeView.swift; sourceTree = "<group>"; };
		3851A38F2A1ABFEE00A6A1A1 /* ControlsView.swift */ = {isa = PBXFileReference; lastKnownFileType = sourcecode.swift; path = ControlsView.swift; sourceTree = "<group>"; };
		3851A3912A1ABFFF00A6A1A1 /* SummaryView.swift */ = {isa = PBXFileReference; lastKnownFileType = sourcecode.swift; path = SummaryView.swift; sourceTree = "<group>"; };
		3851A3932A1AC01400A6A1A1 /* ActivityRingsView.swift */ = {isa = PBXFileReference; lastKnownFileType = sourcecode.swift; path = ActivityRingsView.swift; sourceTree = "<group>"; };
		3851A3952A1AC03100A6A1A1 /* HealthKitManager.swift */ = {isa = PBXFileReference; lastKnownFileType = sourcecode.swift; path = HealthKitManager.swift; sourceTree = "<group>"; };
		38670F862A1B38320018B8F0 /* FitHub Watch App.entitlements */ = {isa = PBXFileReference; lastKnownFileType = text.plist.entitlements; path = "FitHub Watch App.entitlements"; sourceTree = "<group>"; };
		38670F872A1B4DFC0018B8F0 /* WorkoutListScreen.swift */ = {isa = PBXFileReference; lastKnownFileType = sourcecode.swift; path = WorkoutListScreen.swift; sourceTree = "<group>"; };
		38670F8C2A1B51D80018B8F0 /* ActivityRings.swift */ = {isa = PBXFileReference; lastKnownFileType = sourcecode.swift; path = ActivityRings.swift; sourceTree = "<group>"; };
		38670F912A1B52BB0018B8F0 /* HeartBeatScreen.swift */ = {isa = PBXFileReference; lastKnownFileType = sourcecode.swift; path = HeartBeatScreen.swift; sourceTree = "<group>"; };
		38670F962A1B531B0018B8F0 /* BreathScreen.swift */ = {isa = PBXFileReference; lastKnownFileType = sourcecode.swift; path = BreathScreen.swift; sourceTree = "<group>"; };
		38CC5EF32A1CD10300086BE0 /* HeartIcon.swift */ = {isa = PBXFileReference; lastKnownFileType = sourcecode.swift; path = HeartIcon.swift; sourceTree = "<group>"; };
		38CC5EF52A1CD50000086BE0 /* HeartAnimationView.swift */ = {isa = PBXFileReference; lastKnownFileType = sourcecode.swift; path = HeartAnimationView.swift; sourceTree = "<group>"; };
		38CC5EF72A1CD60200086BE0 /* HeartBeatText.swift */ = {isa = PBXFileReference; lastKnownFileType = sourcecode.swift; path = HeartBeatText.swift; sourceTree = "<group>"; };
		38CC5EFB2A1E16B500086BE0 /* StepScreen.swift */ = {isa = PBXFileReference; lastKnownFileType = sourcecode.swift; path = StepScreen.swift; sourceTree = "<group>"; };
/* End PBXFileReference section */

/* Begin PBXFrameworksBuildPhase section */
		3851A36E2A1ABE9F00A6A1A1 /* Frameworks */ = {
			isa = PBXFrameworksBuildPhase;
			buildActionMask = 2147483647;
			files = (
			);
			runOnlyForDeploymentPostprocessing = 0;
		};
/* End PBXFrameworksBuildPhase section */

/* Begin PBXGroup section */
		3851A3642A1ABE9F00A6A1A1 = {
			isa = PBXGroup;
			children = (
				3851A3752A1ABE9F00A6A1A1 /* FitHub Watch App */,
				3851A36C2A1ABE9F00A6A1A1 /* Products */,
			);
			sourceTree = "<group>";
		};
		3851A36C2A1ABE9F00A6A1A1 /* Products */ = {
			isa = PBXGroup;
			children = (
				3851A36B2A1ABE9F00A6A1A1 /* FitHub.app */,
				3851A3712A1ABE9F00A6A1A1 /* FitHub Watch App.app */,
			);
			name = Products;
			sourceTree = "<group>";
		};
		3851A3752A1ABE9F00A6A1A1 /* FitHub Watch App */ = {
			isa = PBXGroup;
			children = (
				38670F862A1B38320018B8F0 /* FitHub Watch App.entitlements */,
				3851A3882A1ABF1D00A6A1A1 /* FitHub-Watch-App-Info.plist */,
				3851A3762A1ABE9F00A6A1A1 /* FitHubApp.swift */,
				3851A3782A1ABE9F00A6A1A1 /* ContentView.swift */,
				3851A3C42A1AC2C900A6A1A1 /* Base */,
				3851A3C32A1AC2BB00A6A1A1 /* Features */,
				3851A37A2A1ABE9F00A6A1A1 /* Assets.xcassets */,
				3851A37C2A1ABE9F00A6A1A1 /* Preview Content */,
			);
			path = "FitHub Watch App";
			sourceTree = "<group>";
		};
		3851A37C2A1ABE9F00A6A1A1 /* Preview Content */ = {
			isa = PBXGroup;
			children = (
				3851A37D2A1ABE9F00A6A1A1 /* Preview Assets.xcassets */,
			);
			path = "Preview Content";
			sourceTree = "<group>";
		};
		3851A3C32A1AC2BB00A6A1A1 /* Features */ = {
			isa = PBXGroup;
			children = (
				38CC5EF92A1E169F00086BE0 /* Step */,
				38670F892A1B517D0018B8F0 /* ActivityRings */,
				38670F8E2A1B52950018B8F0 /* HeartBeat */,
				3851A3C52A1AC32200A6A1A1 /* WorkoutsList */,
				38670F932A1B52D70018B8F0 /* Breath */,
			);
			path = Features;
			sourceTree = "<group>";
		};
		3851A3C42A1AC2C900A6A1A1 /* Base */ = {
			isa = PBXGroup;
			children = (
				3851A3952A1AC03100A6A1A1 /* HealthKitManager.swift */,
				3851A3932A1AC01400A6A1A1 /* ActivityRingsView.swift */,
				38CC5EF32A1CD10300086BE0 /* HeartIcon.swift */,
			);
			path = Base;
			sourceTree = "<group>";
		};
		3851A3C52A1AC32200A6A1A1 /* WorkoutsList */ = {
			isa = PBXGroup;
			children = (
				3851A3C62A1AC3A900A6A1A1 /* Views */,
				3851A3C72A1AC3B500A6A1A1 /* Screen */,
			);
			path = WorkoutsList;
			sourceTree = "<group>";
		};
		3851A3C62A1AC3A900A6A1A1 /* Views */ = {
			isa = PBXGroup;
			children = (
				3851A3912A1ABFFF00A6A1A1 /* SummaryView.swift */,
				3851A38F2A1ABFEE00A6A1A1 /* ControlsView.swift */,
				3851A38B2A1ABFC400A6A1A1 /* MetricsView.swift */,
				3851A38D2A1ABFDA00A6A1A1 /* ElapsedTimeView.swift */,
				3851A3892A1ABFAD00A6A1A1 /* SessionPagingView.swift */,
			);
			path = Views;
			sourceTree = "<group>";
		};
		3851A3C72A1AC3B500A6A1A1 /* Screen */ = {
			isa = PBXGroup;
			children = (
				38670F872A1B4DFC0018B8F0 /* WorkoutListScreen.swift */,
			);
			path = Screen;
			sourceTree = "<group>";
		};
		38670F892A1B517D0018B8F0 /* ActivityRings */ = {
			isa = PBXGroup;
			children = (
				38670F8B2A1B51990018B8F0 /* Screen */,
			);
			path = ActivityRings;
			sourceTree = "<group>";
		};
		38670F8B2A1B51990018B8F0 /* Screen */ = {
			isa = PBXGroup;
			children = (
				38670F8C2A1B51D80018B8F0 /* ActivityRings.swift */,
			);
			path = Screen;
			sourceTree = "<group>";
		};
		38670F8E2A1B52950018B8F0 /* HeartBeat */ = {
			isa = PBXGroup;
			children = (
				38670F902A1B52AA0018B8F0 /* Views */,
				38670F8F2A1B52A50018B8F0 /* Screen */,
			);
			path = HeartBeat;
			sourceTree = "<group>";
		};
		38670F8F2A1B52A50018B8F0 /* Screen */ = {
			isa = PBXGroup;
			children = (
				38670F912A1B52BB0018B8F0 /* HeartBeatScreen.swift */,
			);
			path = Screen;
			sourceTree = "<group>";
		};
		38670F902A1B52AA0018B8F0 /* Views */ = {
			isa = PBXGroup;
			children = (
				38CC5EF52A1CD50000086BE0 /* HeartAnimationView.swift */,
				38CC5EF72A1CD60200086BE0 /* HeartBeatText.swift */,
			);
			path = Views;
			sourceTree = "<group>";
		};
		38670F932A1B52D70018B8F0 /* Breath */ = {
			isa = PBXGroup;
			children = (
				38670F942A1B52E30018B8F0 /* Screen */,
			);
			path = Breath;
			sourceTree = "<group>";
		};
		38670F942A1B52E30018B8F0 /* Screen */ = {
			isa = PBXGroup;
			children = (
				38670F962A1B531B0018B8F0 /* BreathScreen.swift */,
			);
			path = Screen;
			sourceTree = "<group>";
		};
		38CC5EF92A1E169F00086BE0 /* Step */ = {
			isa = PBXGroup;
			children = (
				38CC5EFA2A1E16AA00086BE0 /* Screen */,
			);
			path = Step;
			sourceTree = "<group>";
		};
		38CC5EFA2A1E16AA00086BE0 /* Screen */ = {
			isa = PBXGroup;
			children = (
				38CC5EFB2A1E16B500086BE0 /* StepScreen.swift */,
			);
			path = Screen;
			sourceTree = "<group>";
		};
/* End PBXGroup section */

/* Begin PBXNativeTarget section */
		3851A36A2A1ABE9F00A6A1A1 /* FitHub */ = {
			isa = PBXNativeTarget;
			buildConfigurationList = 3851A3852A1ABE9F00A6A1A1 /* Build configuration list for PBXNativeTarget "FitHub" */;
			buildPhases = (
				3851A3692A1ABE9F00A6A1A1 /* Resources */,
				3851A3842A1ABE9F00A6A1A1 /* Embed Watch Content */,
			);
			buildRules = (
			);
			dependencies = (
				3851A3742A1ABE9F00A6A1A1 /* PBXTargetDependency */,
			);
			name = FitHub;
			productName = FitHub;
			productReference = 3851A36B2A1ABE9F00A6A1A1 /* FitHub.app */;
			productType = "com.apple.product-type.application.watchapp2-container";
		};
		3851A3702A1ABE9F00A6A1A1 /* FitHub Watch App */ = {
			isa = PBXNativeTarget;
			buildConfigurationList = 3851A3812A1ABE9F00A6A1A1 /* Build configuration list for PBXNativeTarget "FitHub Watch App" */;
			buildPhases = (
				3851A36D2A1ABE9F00A6A1A1 /* Sources */,
				3851A36E2A1ABE9F00A6A1A1 /* Frameworks */,
				3851A36F2A1ABE9F00A6A1A1 /* Resources */,
			);
			buildRules = (
			);
			dependencies = (
			);
			name = "FitHub Watch App";
			productName = "FitHub Watch App";
			productReference = 3851A3712A1ABE9F00A6A1A1 /* FitHub Watch App.app */;
			productType = "com.apple.product-type.application";
		};
/* End PBXNativeTarget section */

/* Begin PBXProject section */
		3851A3652A1ABE9F00A6A1A1 /* Project object */ = {
			isa = PBXProject;
			attributes = {
				BuildIndependentTargetsInParallel = 1;
				LastSwiftUpdateCheck = 1430;
				LastUpgradeCheck = 1430;
				TargetAttributes = {
					3851A36A2A1ABE9F00A6A1A1 = {
						CreatedOnToolsVersion = 14.3;
					};
					3851A3702A1ABE9F00A6A1A1 = {
						CreatedOnToolsVersion = 14.3;
					};
				};
			};
			buildConfigurationList = 3851A3682A1ABE9F00A6A1A1 /* Build configuration list for PBXProject "FitHub" */;
			compatibilityVersion = "Xcode 14.0";
			developmentRegion = en;
			hasScannedForEncodings = 0;
			knownRegions = (
				en,
				Base,
			);
			mainGroup = 3851A3642A1ABE9F00A6A1A1;
			productRefGroup = 3851A36C2A1ABE9F00A6A1A1 /* Products */;
			projectDirPath = "";
			projectRoot = "";
			targets = (
				3851A36A2A1ABE9F00A6A1A1 /* FitHub */,
				3851A3702A1ABE9F00A6A1A1 /* FitHub Watch App */,
			);
		};
/* End PBXProject section */

/* Begin PBXResourcesBuildPhase section */
		3851A3692A1ABE9F00A6A1A1 /* Resources */ = {
			isa = PBXResourcesBuildPhase;
			buildActionMask = 2147483647;
			files = (
			);
			runOnlyForDeploymentPostprocessing = 0;
		};
		3851A36F2A1ABE9F00A6A1A1 /* Resources */ = {
			isa = PBXResourcesBuildPhase;
			buildActionMask = 2147483647;
			files = (
				3851A37E2A1ABE9F00A6A1A1 /* Preview Assets.xcassets in Resources */,
				3851A37B2A1ABE9F00A6A1A1 /* Assets.xcassets in Resources */,
			);
			runOnlyForDeploymentPostprocessing = 0;
		};
/* End PBXResourcesBuildPhase section */

/* Begin PBXSourcesBuildPhase section */
		3851A36D2A1ABE9F00A6A1A1 /* Sources */ = {
			isa = PBXSourcesBuildPhase;
			buildActionMask = 2147483647;
			files = (
				3851A3792A1ABE9F00A6A1A1 /* ContentView.swift in Sources */,
				3851A3922A1ABFFF00A6A1A1 /* SummaryView.swift in Sources */,
				38CC5EF62A1CD50000086BE0 /* HeartAnimationView.swift in Sources */,
				38670F972A1B531B0018B8F0 /* BreathScreen.swift in Sources */,
				38CC5EF42A1CD10300086BE0 /* HeartIcon.swift in Sources */,
				3851A3962A1AC03100A6A1A1 /* HealthKitManager.swift in Sources */,
				3851A3772A1ABE9F00A6A1A1 /* FitHubApp.swift in Sources */,
				38670F8D2A1B51D80018B8F0 /* ActivityRings.swift in Sources */,
				3851A38E2A1ABFDA00A6A1A1 /* ElapsedTimeView.swift in Sources */,
				3851A38C2A1ABFC400A6A1A1 /* MetricsView.swift in Sources */,
				3851A3942A1AC01400A6A1A1 /* ActivityRingsView.swift in Sources */,
				38CC5EFC2A1E16B500086BE0 /* StepScreen.swift in Sources */,
				38670F922A1B52BB0018B8F0 /* HeartBeatScreen.swift in Sources */,
				38670F882A1B4DFC0018B8F0 /* WorkoutListScreen.swift in Sources */,
				38CC5EF82A1CD60200086BE0 /* HeartBeatText.swift in Sources */,
				3851A3902A1ABFEE00A6A1A1 /* ControlsView.swift in Sources */,
				3851A38A2A1ABFAD00A6A1A1 /* SessionPagingView.swift in Sources */,
			);
			runOnlyForDeploymentPostprocessing = 0;
		};
/* End PBXSourcesBuildPhase section */

/* Begin PBXTargetDependency section */
		3851A3742A1ABE9F00A6A1A1 /* PBXTargetDependency */ = {
			isa = PBXTargetDependency;
			target = 3851A3702A1ABE9F00A6A1A1 /* FitHub Watch App */;
			targetProxy = 3851A3732A1ABE9F00A6A1A1 /* PBXContainerItemProxy */;
		};
/* End PBXTargetDependency section */

/* Begin XCBuildConfiguration section */
		3851A37F2A1ABE9F00A6A1A1 /* Debug */ = {
			isa = XCBuildConfiguration;
			buildSettings = {
				ALWAYS_SEARCH_USER_PATHS = NO;
				CLANG_ANALYZER_NONNULL = YES;
				CLANG_ANALYZER_NUMBER_OBJECT_CONVERSION = YES_AGGRESSIVE;
				CLANG_CXX_LANGUAGE_STANDARD = "gnu++20";
				CLANG_ENABLE_MODULES = YES;
				CLANG_ENABLE_OBJC_ARC = YES;
				CLANG_ENABLE_OBJC_WEAK = YES;
				CLANG_WARN_BLOCK_CAPTURE_AUTORELEASING = YES;
				CLANG_WARN_BOOL_CONVERSION = YES;
				CLANG_WARN_COMMA = YES;
				CLANG_WARN_CONSTANT_CONVERSION = YES;
				CLANG_WARN_DEPRECATED_OBJC_IMPLEMENTATIONS = YES;
				CLANG_WARN_DIRECT_OBJC_ISA_USAGE = YES_ERROR;
				CLANG_WARN_DOCUMENTATION_COMMENTS = YES;
				CLANG_WARN_EMPTY_BODY = YES;
				CLANG_WARN_ENUM_CONVERSION = YES;
				CLANG_WARN_INFINITE_RECURSION = YES;
				CLANG_WARN_INT_CONVERSION = YES;
				CLANG_WARN_NON_LITERAL_NULL_CONVERSION = YES;
				CLANG_WARN_OBJC_IMPLICIT_RETAIN_SELF = YES;
				CLANG_WARN_OBJC_LITERAL_CONVERSION = YES;
				CLANG_WARN_OBJC_ROOT_CLASS = YES_ERROR;
				CLANG_WARN_QUOTED_INCLUDE_IN_FRAMEWORK_HEADER = YES;
				CLANG_WARN_RANGE_LOOP_ANALYSIS = YES;
				CLANG_WARN_STRICT_PROTOTYPES = YES;
				CLANG_WARN_SUSPICIOUS_MOVE = YES;
				CLANG_WARN_UNGUARDED_AVAILABILITY = YES_AGGRESSIVE;
				CLANG_WARN_UNREACHABLE_CODE = YES;
				CLANG_WARN__DUPLICATE_METHOD_MATCH = YES;
				COPY_PHASE_STRIP = NO;
				DEBUG_INFORMATION_FORMAT = dwarf;
				ENABLE_STRICT_OBJC_MSGSEND = YES;
				ENABLE_TESTABILITY = YES;
				GCC_C_LANGUAGE_STANDARD = gnu11;
				GCC_DYNAMIC_NO_PIC = NO;
				GCC_NO_COMMON_BLOCKS = YES;
				GCC_OPTIMIZATION_LEVEL = 0;
				GCC_PREPROCESSOR_DEFINITIONS = (
					"DEBUG=1",
					"$(inherited)",
				);
				GCC_WARN_64_TO_32_BIT_CONVERSION = YES;
				GCC_WARN_ABOUT_RETURN_TYPE = YES_ERROR;
				GCC_WARN_UNDECLARED_SELECTOR = YES;
				GCC_WARN_UNINITIALIZED_AUTOS = YES_AGGRESSIVE;
				GCC_WARN_UNUSED_FUNCTION = YES;
				GCC_WARN_UNUSED_VARIABLE = YES;
				MTL_ENABLE_DEBUG_INFO = INCLUDE_SOURCE;
				MTL_FAST_MATH = YES;
				ONLY_ACTIVE_ARCH = YES;
				SWIFT_ACTIVE_COMPILATION_CONDITIONS = DEBUG;
				SWIFT_OPTIMIZATION_LEVEL = "-Onone";
			};
			name = Debug;
		};
		3851A3802A1ABE9F00A6A1A1 /* Release */ = {
			isa = XCBuildConfiguration;
			buildSettings = {
				ALWAYS_SEARCH_USER_PATHS = NO;
				CLANG_ANALYZER_NONNULL = YES;
				CLANG_ANALYZER_NUMBER_OBJECT_CONVERSION = YES_AGGRESSIVE;
				CLANG_CXX_LANGUAGE_STANDARD = "gnu++20";
				CLANG_ENABLE_MODULES = YES;
				CLANG_ENABLE_OBJC_ARC = YES;
				CLANG_ENABLE_OBJC_WEAK = YES;
				CLANG_WARN_BLOCK_CAPTURE_AUTORELEASING = YES;
				CLANG_WARN_BOOL_CONVERSION = YES;
				CLANG_WARN_COMMA = YES;
				CLANG_WARN_CONSTANT_CONVERSION = YES;
				CLANG_WARN_DEPRECATED_OBJC_IMPLEMENTATIONS = YES;
				CLANG_WARN_DIRECT_OBJC_ISA_USAGE = YES_ERROR;
				CLANG_WARN_DOCUMENTATION_COMMENTS = YES;
				CLANG_WARN_EMPTY_BODY = YES;
				CLANG_WARN_ENUM_CONVERSION = YES;
				CLANG_WARN_INFINITE_RECURSION = YES;
				CLANG_WARN_INT_CONVERSION = YES;
				CLANG_WARN_NON_LITERAL_NULL_CONVERSION = YES;
				CLANG_WARN_OBJC_IMPLICIT_RETAIN_SELF = YES;
				CLANG_WARN_OBJC_LITERAL_CONVERSION = YES;
				CLANG_WARN_OBJC_ROOT_CLASS = YES_ERROR;
				CLANG_WARN_QUOTED_INCLUDE_IN_FRAMEWORK_HEADER = YES;
				CLANG_WARN_RANGE_LOOP_ANALYSIS = YES;
				CLANG_WARN_STRICT_PROTOTYPES = YES;
				CLANG_WARN_SUSPICIOUS_MOVE = YES;
				CLANG_WARN_UNGUARDED_AVAILABILITY = YES_AGGRESSIVE;
				CLANG_WARN_UNREACHABLE_CODE = YES;
				CLANG_WARN__DUPLICATE_METHOD_MATCH = YES;
				COPY_PHASE_STRIP = NO;
				DEBUG_INFORMATION_FORMAT = "dwarf-with-dsym";
				ENABLE_NS_ASSERTIONS = NO;
				ENABLE_STRICT_OBJC_MSGSEND = YES;
				GCC_C_LANGUAGE_STANDARD = gnu11;
				GCC_NO_COMMON_BLOCKS = YES;
				GCC_WARN_64_TO_32_BIT_CONVERSION = YES;
				GCC_WARN_ABOUT_RETURN_TYPE = YES_ERROR;
				GCC_WARN_UNDECLARED_SELECTOR = YES;
				GCC_WARN_UNINITIALIZED_AUTOS = YES_AGGRESSIVE;
				GCC_WARN_UNUSED_FUNCTION = YES;
				GCC_WARN_UNUSED_VARIABLE = YES;
				MTL_ENABLE_DEBUG_INFO = NO;
				MTL_FAST_MATH = YES;
				SWIFT_COMPILATION_MODE = wholemodule;
				SWIFT_OPTIMIZATION_LEVEL = "-O";
			};
			name = Release;
		};
		3851A3822A1ABE9F00A6A1A1 /* Debug */ = {
			isa = XCBuildConfiguration;
			buildSettings = {
				ASSETCATALOG_COMPILER_APPICON_NAME = AppIcon;
				ASSETCATALOG_COMPILER_GLOBAL_ACCENT_COLOR_NAME = AccentColor;
				CODE_SIGN_ENTITLEMENTS = "FitHub Watch App/FitHub Watch App.entitlements";
				CODE_SIGN_STYLE = Automatic;
				CURRENT_PROJECT_VERSION = 1;
				DEVELOPMENT_ASSET_PATHS = "\"FitHub Watch App/Preview Content\"";
				DEVELOPMENT_TEAM = UWJ26F79V5;
				ENABLE_PREVIEWS = YES;
				GENERATE_INFOPLIST_FILE = YES;
				INFOPLIST_FILE = "FitHub-Watch-App-Info.plist";
				INFOPLIST_KEY_CFBundleDisplayName = FitHub;
				INFOPLIST_KEY_NSHealthShareUsageDescription = "Your workout related data will be used to display your saved workouts in FitHub.";
				INFOPLIST_KEY_NSHealthUpdateUsageDescription = "Workouts tracked by FitHub on Apple Watch will be saved to HealthKit.";
				INFOPLIST_KEY_UISupportedInterfaceOrientations = "UIInterfaceOrientationPortrait UIInterfaceOrientationPortraitUpsideDown";
				INFOPLIST_KEY_WKWatchOnly = YES;
				LD_RUNPATH_SEARCH_PATHS = (
					"$(inherited)",
					"@executable_path/Frameworks",
				);
				MARKETING_VERSION = 1.0;
				PRODUCT_BUNDLE_IDENTIFIER = id.nyomanadiwinanda.FitHub.watchkitapp;
				PRODUCT_NAME = "$(TARGET_NAME)";
				SDKROOT = watchos;
				SKIP_INSTALL = YES;
				SWIFT_EMIT_LOC_STRINGS = YES;
				SWIFT_VERSION = 5.0;
				TARGETED_DEVICE_FAMILY = 4;
				WATCHOS_DEPLOYMENT_TARGET = 9.4;
			};
			name = Debug;
		};
		3851A3832A1ABE9F00A6A1A1 /* Release */ = {
			isa = XCBuildConfiguration;
			buildSettings = {
				ASSETCATALOG_COMPILER_APPICON_NAME = AppIcon;
				ASSETCATALOG_COMPILER_GLOBAL_ACCENT_COLOR_NAME = AccentColor;
				CODE_SIGN_ENTITLEMENTS = "FitHub Watch App/FitHub Watch App.entitlements";
				CODE_SIGN_STYLE = Automatic;
				CURRENT_PROJECT_VERSION = 1;
				DEVELOPMENT_ASSET_PATHS = "\"FitHub Watch App/Preview Content\"";
				DEVELOPMENT_TEAM = UWJ26F79V5;
				ENABLE_PREVIEWS = YES;
				GENERATE_INFOPLIST_FILE = YES;
				INFOPLIST_FILE = "FitHub-Watch-App-Info.plist";
				INFOPLIST_KEY_CFBundleDisplayName = FitHub;
				INFOPLIST_KEY_NSHealthShareUsageDescription = "Your workout related data will be used to display your saved workouts in FitHub.";
				INFOPLIST_KEY_NSHealthUpdateUsageDescription = "Workouts tracked by FitHub on Apple Watch will be saved to HealthKit.";
				INFOPLIST_KEY_UISupportedInterfaceOrientations = "UIInterfaceOrientationPortrait UIInterfaceOrientationPortraitUpsideDown";
				INFOPLIST_KEY_WKWatchOnly = YES;
				LD_RUNPATH_SEARCH_PATHS = (
					"$(inherited)",
					"@executable_path/Frameworks",
				);
				MARKETING_VERSION = 1.0;
				PRODUCT_BUNDLE_IDENTIFIER = id.nyomanadiwinanda.FitHub.watchkitapp;
				PRODUCT_NAME = "$(TARGET_NAME)";
				SDKROOT = watchos;
				SKIP_INSTALL = YES;
				SWIFT_EMIT_LOC_STRINGS = YES;
				SWIFT_VERSION = 5.0;
				TARGETED_DEVICE_FAMILY = 4;
				VALIDATE_PRODUCT = YES;
				WATCHOS_DEPLOYMENT_TARGET = 9.4;
			};
			name = Release;
		};
		3851A3862A1ABE9F00A6A1A1 /* Debug */ = {
			isa = XCBuildConfiguration;
			buildSettings = {
				ALWAYS_EMBED_SWIFT_STANDARD_LIBRARIES = YES;
				CODE_SIGN_STYLE = Automatic;
				CURRENT_PROJECT_VERSION = 1;
				DEVELOPMENT_TEAM = UWJ26F79V5;
				INFOPLIST_KEY_CFBundleDisplayName = FitHub;
				MARKETING_VERSION = 1.0;
				PRODUCT_BUNDLE_IDENTIFIER = id.nyomanadiwinanda.FitHub;
				PRODUCT_NAME = "$(TARGET_NAME)";
				SDKROOT = iphoneos;
				SWIFT_VERSION = 5.0;
			};
			name = Debug;
		};
		3851A3872A1ABE9F00A6A1A1 /* Release */ = {
			isa = XCBuildConfiguration;
			buildSettings = {
				ALWAYS_EMBED_SWIFT_STANDARD_LIBRARIES = YES;
				CODE_SIGN_STYLE = Automatic;
				CURRENT_PROJECT_VERSION = 1;
				DEVELOPMENT_TEAM = UWJ26F79V5;
				INFOPLIST_KEY_CFBundleDisplayName = FitHub;
				MARKETING_VERSION = 1.0;
				PRODUCT_BUNDLE_IDENTIFIER = id.nyomanadiwinanda.FitHub;
				PRODUCT_NAME = "$(TARGET_NAME)";
				SDKROOT = iphoneos;
				SWIFT_VERSION = 5.0;
				VALIDATE_PRODUCT = YES;
			};
			name = Release;
		};
/* End XCBuildConfiguration section */

/* Begin XCConfigurationList section */
		3851A3682A1ABE9F00A6A1A1 /* Build configuration list for PBXProject "FitHub" */ = {
			isa = XCConfigurationList;
			buildConfigurations = (
				3851A37F2A1ABE9F00A6A1A1 /* Debug */,
				3851A3802A1ABE9F00A6A1A1 /* Release */,
			);
			defaultConfigurationIsVisible = 0;
			defaultConfigurationName = Release;
		};
		3851A3812A1ABE9F00A6A1A1 /* Build configuration list for PBXNativeTarget "FitHub Watch App" */ = {
			isa = XCConfigurationList;
			buildConfigurations = (
				3851A3822A1ABE9F00A6A1A1 /* Debug */,
				3851A3832A1ABE9F00A6A1A1 /* Release */,
			);
			defaultConfigurationIsVisible = 0;
			defaultConfigurationName = Release;
		};
		3851A3852A1ABE9F00A6A1A1 /* Build configuration list for PBXNativeTarget "FitHub" */ = {
			isa = XCConfigurationList;
			buildConfigurations = (
				3851A3862A1ABE9F00A6A1A1 /* Debug */,
				3851A3872A1ABE9F00A6A1A1 /* Release */,
			);
			defaultConfigurationIsVisible = 0;
			defaultConfigurationName = Release;
		};
/* End XCConfigurationList section */
	};
	rootObject = 3851A3652A1ABE9F00A6A1A1 /* Project object */;
}
